// !$*UTF8*$!
{
	archiveVersion = 1;
	classes = {
	};
	objectVersion = 46;
	objects = {

/* Begin PBXBuildFile section */
		6572E0F119275920009EEC0D /* Foundation.framework in Frameworks */ = {isa = PBXBuildFile; fileRef = 6572E0F019275920009EEC0D /* Foundation.framework */; };
		6572E0F319275920009EEC0D /* CoreGraphics.framework in Frameworks */ = {isa = PBXBuildFile; fileRef = 6572E0F219275920009EEC0D /* CoreGraphics.framework */; };
		6572E0F519275920009EEC0D /* UIKit.framework in Frameworks */ = {isa = PBXBuildFile; fileRef = 6572E0F419275920009EEC0D /* UIKit.framework */; };
		6572E0FB19275920009EEC0D /* InfoPlist.strings in Resources */ = {isa = PBXBuildFile; fileRef = 6572E0F919275920009EEC0D /* InfoPlist.strings */; };
		6572E0FD19275920009EEC0D /* main.m in Sources */ = {isa = PBXBuildFile; fileRef = 6572E0FC19275920009EEC0D /* main.m */; };
		6572E10119275920009EEC0D /* HLPAppDelegate.m in Sources */ = {isa = PBXBuildFile; fileRef = 6572E10019275920009EEC0D /* HLPAppDelegate.m */; };
		6572E10419275920009EEC0D /* Main.storyboard in Resources */ = {isa = PBXBuildFile; fileRef = 6572E10219275920009EEC0D /* Main.storyboard */; };
		6572E10719275920009EEC0D /* HLPViewController.m in Sources */ = {isa = PBXBuildFile; fileRef = 6572E10619275920009EEC0D /* HLPViewController.m */; };
		6572E10919275920009EEC0D /* Images.xcassets in Resources */ = {isa = PBXBuildFile; fileRef = 6572E10819275920009EEC0D /* Images.xcassets */; };
		6572E11019275920009EEC0D /* XCTest.framework in Frameworks */ = {isa = PBXBuildFile; fileRef = 6572E10F19275920009EEC0D /* XCTest.framework */; };
		6572E11119275920009EEC0D /* Foundation.framework in Frameworks */ = {isa = PBXBuildFile; fileRef = 6572E0F019275920009EEC0D /* Foundation.framework */; };
		6572E11219275920009EEC0D /* UIKit.framework in Frameworks */ = {isa = PBXBuildFile; fileRef = 6572E0F419275920009EEC0D /* UIKit.framework */; };
		6572E11A19275920009EEC0D /* InfoPlist.strings in Resources */ = {isa = PBXBuildFile; fileRef = 6572E11819275920009EEC0D /* InfoPlist.strings */; };
		6572E11C19275920009EEC0D /* HELPTests.m in Sources */ = {isa = PBXBuildFile; fileRef = 6572E11B19275920009EEC0D /* HELPTests.m */; };
		6572E12619275E85009EEC0D /* GoogleMaps.framework in Frameworks */ = {isa = PBXBuildFile; fileRef = 6572E12519275E85009EEC0D /* GoogleMaps.framework */; };
		6572E1291927615E009EEC0D /* FirstScreenController.m in Sources */ = {isa = PBXBuildFile; fileRef = 6572E1281927615E009EEC0D /* FirstScreenController.m */; };
		6572E12C19276290009EEC0D /* HLPPosition.m in Sources */ = {isa = PBXBuildFile; fileRef = 6572E12B19276290009EEC0D /* HLPPosition.m */; };
		6572E12E192762C0009EEC0D /* CoreLocation.framework in Frameworks */ = {isa = PBXBuildFile; fileRef = 6572E12D192762C0009EEC0D /* CoreLocation.framework */; };
/* End PBXBuildFile section */

/* Begin PBXContainerItemProxy section */
		6572E11319275920009EEC0D /* PBXContainerItemProxy */ = {
			isa = PBXContainerItemProxy;
			containerPortal = 6572E0E519275920009EEC0D /* Project object */;
			proxyType = 1;
			remoteGlobalIDString = 6572E0EC19275920009EEC0D;
			remoteInfo = HELP;
		};
/* End PBXContainerItemProxy section */

/* Begin PBXFileReference section */
		6572E0ED19275920009EEC0D /* HELP.app */ = {isa = PBXFileReference; explicitFileType = wrapper.application; includeInIndex = 0; path = HELP.app; sourceTree = BUILT_PRODUCTS_DIR; };
		6572E0F019275920009EEC0D /* Foundation.framework */ = {isa = PBXFileReference; lastKnownFileType = wrapper.framework; name = Foundation.framework; path = System/Library/Frameworks/Foundation.framework; sourceTree = SDKROOT; };
		6572E0F219275920009EEC0D /* CoreGraphics.framework */ = {isa = PBXFileReference; lastKnownFileType = wrapper.framework; name = CoreGraphics.framework; path = System/Library/Frameworks/CoreGraphics.framework; sourceTree = SDKROOT; };
		6572E0F419275920009EEC0D /* UIKit.framework */ = {isa = PBXFileReference; lastKnownFileType = wrapper.framework; name = UIKit.framework; path = System/Library/Frameworks/UIKit.framework; sourceTree = SDKROOT; };
		6572E0F819275920009EEC0D /* HELP-Info.plist */ = {isa = PBXFileReference; lastKnownFileType = text.plist.xml; path = "HELP-Info.plist"; sourceTree = "<group>"; };
		6572E0FA19275920009EEC0D /* en */ = {isa = PBXFileReference; lastKnownFileType = text.plist.strings; name = en; path = en.lproj/InfoPlist.strings; sourceTree = "<group>"; };
		6572E0FC19275920009EEC0D /* main.m */ = {isa = PBXFileReference; lastKnownFileType = sourcecode.c.objc; path = main.m; sourceTree = "<group>"; };
		6572E0FE19275920009EEC0D /* HELP-Prefix.pch */ = {isa = PBXFileReference; lastKnownFileType = sourcecode.c.h; path = "HELP-Prefix.pch"; sourceTree = "<group>"; };
		6572E0FF19275920009EEC0D /* HLPAppDelegate.h */ = {isa = PBXFileReference; lastKnownFileType = sourcecode.c.h; path = HLPAppDelegate.h; sourceTree = "<group>"; };
		6572E10019275920009EEC0D /* HLPAppDelegate.m */ = {isa = PBXFileReference; lastKnownFileType = sourcecode.c.objc; path = HLPAppDelegate.m; sourceTree = "<group>"; };
		6572E10319275920009EEC0D /* Base */ = {isa = PBXFileReference; lastKnownFileType = file.storyboard; name = Base; path = Base.lproj/Main.storyboard; sourceTree = "<group>"; };
		6572E10519275920009EEC0D /* HLPViewController.h */ = {isa = PBXFileReference; lastKnownFileType = sourcecode.c.h; path = HLPViewController.h; sourceTree = "<group>"; };
		6572E10619275920009EEC0D /* HLPViewController.m */ = {isa = PBXFileReference; lastKnownFileType = sourcecode.c.objc; path = HLPViewController.m; sourceTree = "<group>"; };
		6572E10819275920009EEC0D /* Images.xcassets */ = {isa = PBXFileReference; lastKnownFileType = folder.assetcatalog; path = Images.xcassets; sourceTree = "<group>"; };
		6572E10E19275920009EEC0D /* HELPTests.xctest */ = {isa = PBXFileReference; explicitFileType = wrapper.cfbundle; includeInIndex = 0; path = HELPTests.xctest; sourceTree = BUILT_PRODUCTS_DIR; };
		6572E10F19275920009EEC0D /* XCTest.framework */ = {isa = PBXFileReference; lastKnownFileType = wrapper.framework; name = XCTest.framework; path = Library/Frameworks/XCTest.framework; sourceTree = DEVELOPER_DIR; };
		6572E11719275920009EEC0D /* HELPTests-Info.plist */ = {isa = PBXFileReference; lastKnownFileType = text.plist.xml; path = "HELPTests-Info.plist"; sourceTree = "<group>"; };
		6572E11919275920009EEC0D /* en */ = {isa = PBXFileReference; lastKnownFileType = text.plist.strings; name = en; path = en.lproj/InfoPlist.strings; sourceTree = "<group>"; };
		6572E11B19275920009EEC0D /* HELPTests.m */ = {isa = PBXFileReference; lastKnownFileType = sourcecode.c.objc; path = HELPTests.m; sourceTree = "<group>"; };
		6572E12519275E85009EEC0D /* GoogleMaps.framework */ = {isa = PBXFileReference; lastKnownFileType = wrapper.framework; path = GoogleMaps.framework; sourceTree = "<group>"; };
		6572E1271927615E009EEC0D /* FirstScreenController.h */ = {isa = PBXFileReference; fileEncoding = 4; lastKnownFileType = sourcecode.c.h; path = FirstScreenController.h; sourceTree = "<group>"; };
		6572E1281927615E009EEC0D /* FirstScreenController.m */ = {isa = PBXFileReference; fileEncoding = 4; lastKnownFileType = sourcecode.c.objc; path = FirstScreenController.m; sourceTree = "<group>"; };
		6572E12A19276290009EEC0D /* HLPPosition.h */ = {isa = PBXFileReference; fileEncoding = 4; lastKnownFileType = sourcecode.c.h; path = HLPPosition.h; sourceTree = "<group>"; };
		6572E12B19276290009EEC0D /* HLPPosition.m */ = {isa = PBXFileReference; fileEncoding = 4; lastKnownFileType = sourcecode.c.objc; path = HLPPosition.m; sourceTree = "<group>"; };
		6572E12D192762C0009EEC0D /* CoreLocation.framework */ = {isa = PBXFileReference; lastKnownFileType = wrapper.framework; name = CoreLocation.framework; path = System/Library/Frameworks/CoreLocation.framework; sourceTree = SDKROOT; };
/* End PBXFileReference section */

/* Begin PBXFrameworksBuildPhase section */
		6572E0EA19275920009EEC0D /* Frameworks */ = {
			isa = PBXFrameworksBuildPhase;
			buildActionMask = 2147483647;
			files = (
				6572E12E192762C0009EEC0D /* CoreLocation.framework in Frameworks */,
				6572E0F319275920009EEC0D /* CoreGraphics.framework in Frameworks */,
				6572E0F519275920009EEC0D /* UIKit.framework in Frameworks */,
				6572E12619275E85009EEC0D /* GoogleMaps.framework in Frameworks */,
				6572E0F119275920009EEC0D /* Foundation.framework in Frameworks */,
			);
			runOnlyForDeploymentPostprocessing = 0;
		};
		6572E10B19275920009EEC0D /* Frameworks */ = {
			isa = PBXFrameworksBuildPhase;
			buildActionMask = 2147483647;
			files = (
				6572E11019275920009EEC0D /* XCTest.framework in Frameworks */,
				6572E11219275920009EEC0D /* UIKit.framework in Frameworks */,
				6572E11119275920009EEC0D /* Foundation.framework in Frameworks */,
			);
			runOnlyForDeploymentPostprocessing = 0;
		};
/* End PBXFrameworksBuildPhase section */

/* Begin PBXGroup section */
		6572E0E419275920009EEC0D = {
			isa = PBXGroup;
			children = (
				6572E0F619275920009EEC0D /* HELP */,
				6572E11519275920009EEC0D /* HELPTests */,
				6572E0EF19275920009EEC0D /* Frameworks */,
				6572E0EE19275920009EEC0D /* Products */,
			);
			sourceTree = "<group>";
		};
		6572E0EE19275920009EEC0D /* Products */ = {
			isa = PBXGroup;
			children = (
				6572E0ED19275920009EEC0D /* HELP.app */,
				6572E10E19275920009EEC0D /* HELPTests.xctest */,
			);
			name = Products;
			sourceTree = "<group>";
		};
		6572E0EF19275920009EEC0D /* Frameworks */ = {
			isa = PBXGroup;
			children = (
				6572E12D192762C0009EEC0D /* CoreLocation.framework */,
				6572E12519275E85009EEC0D /* GoogleMaps.framework */,
				6572E0F019275920009EEC0D /* Foundation.framework */,
				6572E0F219275920009EEC0D /* CoreGraphics.framework */,
				6572E0F419275920009EEC0D /* UIKit.framework */,
				6572E10F19275920009EEC0D /* XCTest.framework */,
			);
			name = Frameworks;
			sourceTree = "<group>";
		};
		6572E0F619275920009EEC0D /* HELP */ = {
			isa = PBXGroup;
			children = (
				6572E1271927615E009EEC0D /* FirstScreenController.h */,
				6572E1281927615E009EEC0D /* FirstScreenController.m */,
				6572E12A19276290009EEC0D /* HLPPosition.h */,
				6572E12B19276290009EEC0D /* HLPPosition.m */,
				6572E0FF19275920009EEC0D /* HLPAppDelegate.h */,
				6572E10019275920009EEC0D /* HLPAppDelegate.m */,
				6572E10219275920009EEC0D /* Main.storyboard */,
				6572E10519275920009EEC0D /* HLPViewController.h */,
				6572E10619275920009EEC0D /* HLPViewController.m */,
				6572E10819275920009EEC0D /* Images.xcassets */,
				6572E0F719275920009EEC0D /* Supporting Files */,
			);
			path = HELP;
			sourceTree = "<group>";
		};
		6572E0F719275920009EEC0D /* Supporting Files */ = {
			isa = PBXGroup;
			children = (
				6572E0F819275920009EEC0D /* HELP-Info.plist */,
				6572E0F919275920009EEC0D /* InfoPlist.strings */,
				6572E0FC19275920009EEC0D /* main.m */,
				6572E0FE19275920009EEC0D /* HELP-Prefix.pch */,
			);
			name = "Supporting Files";
			sourceTree = "<group>";
		};
		6572E11519275920009EEC0D /* HELPTests */ = {
			isa = PBXGroup;
			children = (
				6572E11B19275920009EEC0D /* HELPTests.m */,
				6572E11619275920009EEC0D /* Supporting Files */,
			);
			path = HELPTests;
			sourceTree = "<group>";
		};
		6572E11619275920009EEC0D /* Supporting Files */ = {
			isa = PBXGroup;
			children = (
				6572E11719275920009EEC0D /* HELPTests-Info.plist */,
				6572E11819275920009EEC0D /* InfoPlist.strings */,
			);
			name = "Supporting Files";
			sourceTree = "<group>";
		};
/* End PBXGroup section */

/* Begin PBXNativeTarget section */
		6572E0EC19275920009EEC0D /* HELP */ = {
			isa = PBXNativeTarget;
			buildConfigurationList = 6572E11F19275920009EEC0D /* Build configuration list for PBXNativeTarget "HELP" */;
			buildPhases = (
				6572E0E919275920009EEC0D /* Sources */,
				6572E0EA19275920009EEC0D /* Frameworks */,
				6572E0EB19275920009EEC0D /* Resources */,
			);
			buildRules = (
			);
			dependencies = (
			);
			name = HELP;
			productName = HELP;
			productReference = 6572E0ED19275920009EEC0D /* HELP.app */;
			productType = "com.apple.product-type.application";
		};
		6572E10D19275920009EEC0D /* HELPTests */ = {
			isa = PBXNativeTarget;
			buildConfigurationList = 6572E12219275920009EEC0D /* Build configuration list for PBXNativeTarget "HELPTests" */;
			buildPhases = (
				6572E10A19275920009EEC0D /* Sources */,
				6572E10B19275920009EEC0D /* Frameworks */,
				6572E10C19275920009EEC0D /* Resources */,
			);
			buildRules = (
			);
			dependencies = (
				6572E11419275920009EEC0D /* PBXTargetDependency */,
			);
			name = HELPTests;
			productName = HELPTests;
			productReference = 6572E10E19275920009EEC0D /* HELPTests.xctest */;
			productType = "com.apple.product-type.bundle.unit-test";
		};
/* End PBXNativeTarget section */

/* Begin PBXProject section */
		6572E0E519275920009EEC0D /* Project object */ = {
			isa = PBXProject;
			attributes = {
				CLASSPREFIX = HLP;
				LastUpgradeCheck = 0510;
				ORGANIZATIONNAME = WildSpirit;
				TargetAttributes = {
					6572E10D19275920009EEC0D = {
						TestTargetID = 6572E0EC19275920009EEC0D;
					};
				};
			};
			buildConfigurationList = 6572E0E819275920009EEC0D /* Build configuration list for PBXProject "HELP" */;
			compatibilityVersion = "Xcode 3.2";
			developmentRegion = English;
			hasScannedForEncodings = 0;
			knownRegions = (
				en,
				Base,
			);
			mainGroup = 6572E0E419275920009EEC0D;
			productRefGroup = 6572E0EE19275920009EEC0D /* Products */;
			projectDirPath = "";
			projectRoot = "";
			targets = (
				6572E0EC19275920009EEC0D /* HELP */,
				6572E10D19275920009EEC0D /* HELPTests */,
			);
		};
/* End PBXProject section */

/* Begin PBXResourcesBuildPhase section */
		6572E0EB19275920009EEC0D /* Resources */ = {
			isa = PBXResourcesBuildPhase;
			buildActionMask = 2147483647;
			files = (
				6572E10919275920009EEC0D /* Images.xcassets in Resources */,
				6572E0FB19275920009EEC0D /* InfoPlist.strings in Resources */,
				6572E10419275920009EEC0D /* Main.storyboard in Resources */,
			);
			runOnlyForDeploymentPostprocessing = 0;
		};
		6572E10C19275920009EEC0D /* Resources */ = {
			isa = PBXResourcesBuildPhase;
			buildActionMask = 2147483647;
			files = (
				6572E11A19275920009EEC0D /* InfoPlist.strings in Resources */,
			);
			runOnlyForDeploymentPostprocessing = 0;
		};
/* End PBXResourcesBuildPhase section */

/* Begin PBXSourcesBuildPhase section */
		6572E0E919275920009EEC0D /* Sources */ = {
			isa = PBXSourcesBuildPhase;
			buildActionMask = 2147483647;
			files = (
				6572E0FD19275920009EEC0D /* main.m in Sources */,
				6572E10719275920009EEC0D /* HLPViewController.m in Sources */,
				6572E1291927615E009EEC0D /* FirstScreenController.m in Sources */,
				6572E10119275920009EEC0D /* HLPAppDelegate.m in Sources */,
				6572E12C19276290009EEC0D /* HLPPosition.m in Sources */,
			);
			runOnlyForDeploymentPostprocessing = 0;
		};
		6572E10A19275920009EEC0D /* Sources */ = {
			isa = PBXSourcesBuildPhase;
			buildActionMask = 2147483647;
			files = (
				6572E11C19275920009EEC0D /* HELPTests.m in Sources */,
			);
			runOnlyForDeploymentPostprocessing = 0;
		};
/* End PBXSourcesBuildPhase section */

/* Begin PBXTargetDependency section */
		6572E11419275920009EEC0D /* PBXTargetDependency */ = {
			isa = PBXTargetDependency;
			target = 6572E0EC19275920009EEC0D /* HELP */;
			targetProxy = 6572E11319275920009EEC0D /* PBXContainerItemProxy */;
		};
/* End PBXTargetDependency section */

/* Begin PBXVariantGroup section */
		6572E0F919275920009EEC0D /* InfoPlist.strings */ = {
			isa = PBXVariantGroup;
			children = (
				6572E0FA19275920009EEC0D /* en */,
			);
			name = InfoPlist.strings;
			sourceTree = "<group>";
		};
		6572E10219275920009EEC0D /* Main.storyboard */ = {
			isa = PBXVariantGroup;
			children = (
				6572E10319275920009EEC0D /* Base */,
			);
			name = Main.storyboard;
			sourceTree = "<group>";
		};
		6572E11819275920009EEC0D /* InfoPlist.strings */ = {
			isa = PBXVariantGroup;
			children = (
				6572E11919275920009EEC0D /* en */,
			);
			name = InfoPlist.strings;
			sourceTree = "<group>";
		};
/* End PBXVariantGroup section */

/* Begin XCBuildConfiguration section */
		6572E11D19275920009EEC0D /* Debug */ = {
			isa = XCBuildConfiguration;
			buildSettings = {
				ALWAYS_SEARCH_USER_PATHS = NO;
				CLANG_CXX_LANGUAGE_STANDARD = "gnu++0x";
				CLANG_CXX_LIBRARY = "libc++";
				CLANG_ENABLE_MODULES = YES;
				CLANG_ENABLE_OBJC_ARC = YES;
				CLANG_WARN_BOOL_CONVERSION = YES;
				CLANG_WARN_CONSTANT_CONVERSION = YES;
				CLANG_WARN_DIRECT_OBJC_ISA_USAGE = YES_ERROR;
				CLANG_WARN_EMPTY_BODY = YES;
				CLANG_WARN_ENUM_CONVERSION = YES;
				CLANG_WARN_INT_CONVERSION = YES;
				CLANG_WARN_OBJC_ROOT_CLASS = YES_ERROR;
				CLANG_WARN__DUPLICATE_METHOD_MATCH = YES;
				"CODE_SIGN_IDENTITY[sdk=iphoneos*]" = "iPhone Developer";
				COPY_PHASE_STRIP = NO;
				GCC_C_LANGUAGE_STANDARD = gnu99;
				GCC_DYNAMIC_NO_PIC = NO;
				GCC_OPTIMIZATION_LEVEL = 0;
				GCC_PREPROCESSOR_DEFINITIONS = (
					"DEBUG=1",
					"$(inherited)",
				);
				GCC_SYMBOLS_PRIVATE_EXTERN = NO;
				GCC_WARN_64_TO_32_BIT_CONVERSION = YES;
				GCC_WARN_ABOUT_RETURN_TYPE = YES_ERROR;
				GCC_WARN_UNDECLARED_SELECTOR = YES;
				GCC_WARN_UNINITIALIZED_AUTOS = YES_AGGRESSIVE;
				GCC_WARN_UNUSED_FUNCTION = YES;
				GCC_WARN_UNUSED_VARIABLE = YES;
				IPHONEOS_DEPLOYMENT_TARGET = 7.1;
				ONLY_ACTIVE_ARCH = YES;
				SDKROOT = iphoneos;
			};
			name = Debug;
		};
		6572E11E19275920009EEC0D /* Release */ = {
			isa = XCBuildConfiguration;
			buildSettings = {
				ALWAYS_SEARCH_USER_PATHS = NO;
				CLANG_CXX_LANGUAGE_STANDARD = "gnu++0x";
				CLANG_CXX_LIBRARY = "libc++";
				CLANG_ENABLE_MODULES = YES;
				CLANG_ENABLE_OBJC_ARC = YES;
				CLANG_WARN_BOOL_CONVERSION = YES;
				CLANG_WARN_CONSTANT_CONVERSION = YES;
				CLANG_WARN_DIRECT_OBJC_ISA_USAGE = YES_ERROR;
				CLANG_WARN_EMPTY_BODY = YES;
				CLANG_WARN_ENUM_CONVERSION = YES;
				CLANG_WARN_INT_CONVERSION = YES;
				CLANG_WARN_OBJC_ROOT_CLASS = YES_ERROR;
				CLANG_WARN__DUPLICATE_METHOD_MATCH = YES;
				"CODE_SIGN_IDENTITY[sdk=iphoneos*]" = "iPhone Developer";
				COPY_PHASE_STRIP = YES;
				ENABLE_NS_ASSERTIONS = NO;
				GCC_C_LANGUAGE_STANDARD = gnu99;
				GCC_WARN_64_TO_32_BIT_CONVERSION = YES;
				GCC_WARN_ABOUT_RETURN_TYPE = YES_ERROR;
				GCC_WARN_UNDECLARED_SELECTOR = YES;
				GCC_WARN_UNINITIALIZED_AUTOS = YES_AGGRESSIVE;
				GCC_WARN_UNUSED_FUNCTION = YES;
				GCC_WARN_UNUSED_VARIABLE = YES;
				IPHONEOS_DEPLOYMENT_TARGET = 7.1;
				SDKROOT = iphoneos;
				VALIDATE_PRODUCT = YES;
			};
			name = Release;
		};
		6572E12019275920009EEC0D /* Debug */ = {
			isa = XCBuildConfiguration;
			buildSettings = {
				ASSETCATALOG_COMPILER_APPICON_NAME = AppIcon;
				ASSETCATALOG_COMPILER_LAUNCHIMAGE_NAME = LaunchImage;
				FRAMEWORK_SEARCH_PATHS = (
					"$(inherited)",
					"$(PROJECT_DIR)",
				);
				GCC_PRECOMPILE_PREFIX_HEADER = YES;
				GCC_PREFIX_HEADER = "HELP/HELP-Prefix.pch";
				INFOPLIST_FILE = "HELP/HELP-Info.plist";
				PRODUCT_NAME = "$(TARGET_NAME)";
				WRAPPER_EXTENSION = app;
			};
			name = Debug;
		};
		6572E12119275920009EEC0D /* Release */ = {
			isa = XCBuildConfiguration;
			buildSettings = {
				ASSETCATALOG_COMPILER_APPICON_NAME = AppIcon;
				ASSETCATALOG_COMPILER_LAUNCHIMAGE_NAME = LaunchImage;
				FRAMEWORK_SEARCH_PATHS = (
					"$(inherited)",
					"$(PROJECT_DIR)",
				);
				GCC_PRECOMPILE_PREFIX_HEADER = YES;
				GCC_PREFIX_HEADER = "HELP/HELP-Prefix.pch";
				INFOPLIST_FILE = "HELP/HELP-Info.plist";
				PRODUCT_NAME = "$(TARGET_NAME)";
				WRAPPER_EXTENSION = app;
			};
			name = Release;
		};
		6572E12319275920009EEC0D /* Debug */ = {
			isa = XCBuildConfiguration;
			buildSettings = {
				BUNDLE_LOADER = "$(BUILT_PRODUCTS_DIR)/HELP.app/HELP";
				FRAMEWORK_SEARCH_PATHS = (
					"$(SDKROOT)/Developer/Library/Frameworks",
					"$(inherited)",
					"$(DEVELOPER_FRAMEWORKS_DIR)",
				);
				GCC_PRECOMPILE_PREFIX_HEADER = YES;
				GCC_PREFIX_HEADER = "HELP/HELP-Prefix.pch";
				GCC_PREPROCESSOR_DEFINITIONS = (
					"DEBUG=1",
					"$(inherited)",
				);
				INFOPLIST_FILE = "HELPTests/HELPTests-Info.plist";
				PRODUCT_NAME = "$(TARGET_NAME)";
				TEST_HOST = "$(BUNDLE_LOADER)";
				WRAPPER_EXTENSION = xctest;
			};
			name = Debug;
		};
		6572E12419275920009EEC0D /* Release */ = {
			isa = XCBuildConfiguration;
			buildSettings = {
				BUNDLE_LOADER = "$(BUILT_PRODUCTS_DIR)/HELP.app/HELP";
				FRAMEWORK_SEARCH_PATHS = (
					"$(SDKROOT)/Developer/Library/Frameworks",
					"$(inherited)",
					"$(DEVELOPER_FRAMEWORKS_DIR)",
				);
				GCC_PRECOMPILE_PREFIX_HEADER = YES;
				GCC_PREFIX_HEADER = "HELP/HELP-Prefix.pch";
				INFOPLIST_FILE = "HELPTests/HELPTests-Info.plist";
				PRODUCT_NAME = "$(TARGET_NAME)";
				TEST_HOST = "$(BUNDLE_LOADER)";
				WRAPPER_EXTENSION = xctest;
			};
			name = Release;
		};
/* End XCBuildConfiguration section */

/* Begin XCConfigurationList section */
		6572E0E819275920009EEC0D /* Build configuration list for PBXProject "HELP" */ = {
			isa = XCConfigurationList;
			buildConfigurations = (
				6572E11D19275920009EEC0D /* Debug */,
				6572E11E19275920009EEC0D /* Release */,
			);
			defaultConfigurationIsVisible = 0;
			defaultConfigurationName = Release;
		};
		6572E11F19275920009EEC0D /* Build configuration list for PBXNativeTarget "HELP" */ = {
			isa = XCConfigurationList;
			buildConfigurations = (
				6572E12019275920009EEC0D /* Debug */,
				6572E12119275920009EEC0D /* Release */,
			);
			defaultConfigurationIsVisible = 0;
		};
		6572E12219275920009EEC0D /* Build configuration list for PBXNativeTarget "HELPTests" */ = {
			isa = XCConfigurationList;
			buildConfigurations = (
				6572E12319275920009EEC0D /* Debug */,
				6572E12419275920009EEC0D /* Release */,
			);
			defaultConfigurationIsVisible = 0;
		};
/* End XCConfigurationList section */
	};
	rootObject = 6572E0E519275920009EEC0D /* Project object */;
}
